// !$*UTF8*$!
{
	archiveVersion = 1;
	classes = {
	};
	objectVersion = 56;
	objects = {

/* Begin PBXBuildFile section */
		14518A902A6054E9001C40B1 /* ecommerce_appApp.swift in Sources */ = {isa = PBXBuildFile; fileRef = 14518A8F2A6054E9001C40B1 /* ecommerce_appApp.swift */; };
		14518A942A6054EB001C40B1 /* Assets.xcassets in Resources */ = {isa = PBXBuildFile; fileRef = 14518A932A6054EB001C40B1 /* Assets.xcassets */; };
		14518A972A6054EB001C40B1 /* Preview Assets.xcassets in Resources */ = {isa = PBXBuildFile; fileRef = 14518A962A6054EB001C40B1 /* Preview Assets.xcassets */; };
		14518AA22A605682001C40B1 /* SplashScreen.swift in Sources */ = {isa = PBXBuildFile; fileRef = 14518AA12A605682001C40B1 /* SplashScreen.swift */; };
		14518AA52A6056B8001C40B1 /* api.swift in Sources */ = {isa = PBXBuildFile; fileRef = 14518AA42A6056B8001C40B1 /* api.swift */; };
		14518AA72A605792001C40B1 /* HomeScreen.swift in Sources */ = {isa = PBXBuildFile; fileRef = 14518AA62A605792001C40B1 /* HomeScreen.swift */; };
		14518AAA2A605898001C40B1 /* product_models.swift in Sources */ = {isa = PBXBuildFile; fileRef = 14518AA92A605897001C40B1 /* product_models.swift */; };
		14518AAE2A6058CC001C40B1 /* home_model.swift in Sources */ = {isa = PBXBuildFile; fileRef = 14518AAD2A6058CC001C40B1 /* home_model.swift */; };
		14518AB02A6066B2001C40B1 /* api_manager.swift in Sources */ = {isa = PBXBuildFile; fileRef = 14518AAF2A6066B2001C40B1 /* api_manager.swift */; };
		14518AB32A606AAF001C40B1 /* Kingfisher in Frameworks */ = {isa = PBXBuildFile; productRef = 14518AB22A606AAF001C40B1 /* Kingfisher */; };
		14518AB52A606BA6001C40B1 /* ProductDetailsView.swift in Sources */ = {isa = PBXBuildFile; fileRef = 14518AB42A606BA6001C40B1 /* ProductDetailsView.swift */; };
/* End PBXBuildFile section */

/* Begin PBXFileReference section */
		14518A8C2A6054E9001C40B1 /* ecommerce_app.app */ = {isa = PBXFileReference; explicitFileType = wrapper.application; includeInIndex = 0; path = ecommerce_app.app; sourceTree = BUILT_PRODUCTS_DIR; };
		14518A8F2A6054E9001C40B1 /* ecommerce_appApp.swift */ = {isa = PBXFileReference; lastKnownFileType = sourcecode.swift; path = ecommerce_appApp.swift; sourceTree = "<group>"; };
		14518A932A6054EB001C40B1 /* Assets.xcassets */ = {isa = PBXFileReference; lastKnownFileType = folder.assetcatalog; path = Assets.xcassets; sourceTree = "<group>"; };
		14518A962A6054EB001C40B1 /* Preview Assets.xcassets */ = {isa = PBXFileReference; lastKnownFileType = folder.assetcatalog; path = "Preview Assets.xcassets"; sourceTree = "<group>"; };
		14518AA12A605682001C40B1 /* SplashScreen.swift */ = {isa = PBXFileReference; lastKnownFileType = sourcecode.swift; path = SplashScreen.swift; sourceTree = "<group>"; };
		14518AA42A6056B8001C40B1 /* api.swift */ = {isa = PBXFileReference; lastKnownFileType = sourcecode.swift; path = api.swift; sourceTree = "<group>"; };
		14518AA62A605792001C40B1 /* HomeScreen.swift */ = {isa = PBXFileReference; lastKnownFileType = sourcecode.swift; path = HomeScreen.swift; sourceTree = "<group>"; };
		14518AA92A605897001C40B1 /* product_models.swift */ = {isa = PBXFileReference; lastKnownFileType = sourcecode.swift; path = product_models.swift; sourceTree = "<group>"; };
		14518AAD2A6058CC001C40B1 /* home_model.swift */ = {isa = PBXFileReference; lastKnownFileType = sourcecode.swift; path = home_model.swift; sourceTree = "<group>"; };
		14518AAF2A6066B2001C40B1 /* api_manager.swift */ = {isa = PBXFileReference; lastKnownFileType = sourcecode.swift; path = api_manager.swift; sourceTree = "<group>"; };
		14518AB42A606BA6001C40B1 /* ProductDetailsView.swift */ = {isa = PBXFileReference; lastKnownFileType = sourcecode.swift; path = ProductDetailsView.swift; sourceTree = "<group>"; };
/* End PBXFileReference section */

/* Begin PBXFrameworksBuildPhase section */
		14518A892A6054E9001C40B1 /* Frameworks */ = {
			isa = PBXFrameworksBuildPhase;
			buildActionMask = 2147483647;
			files = (
				14518AB32A606AAF001C40B1 /* Kingfisher in Frameworks */,
			);
			runOnlyForDeploymentPostprocessing = 0;
		};
/* End PBXFrameworksBuildPhase section */

/* Begin PBXGroup section */
		14518A832A6054E9001C40B1 = {
			isa = PBXGroup;
			children = (
				14518A8E2A6054E9001C40B1 /* ecommerce_app */,
				14518A8D2A6054E9001C40B1 /* Products */,
			);
			sourceTree = "<group>";
		};
		14518A8D2A6054E9001C40B1 /* Products */ = {
			isa = PBXGroup;
			children = (
				14518A8C2A6054E9001C40B1 /* ecommerce_app.app */,
			);
			name = Products;
			sourceTree = "<group>";
		};
		14518A8E2A6054E9001C40B1 /* ecommerce_app */ = {
			isa = PBXGroup;
			children = (
				14518AA82A605886001C40B1 /* data */,
				14518AA32A60569F001C40B1 /* constants */,
				14518AA02A605664001C40B1 /* app */,
				14518A9E2A60563F001C40B1 /* model */,
				14518A9D2A605639001C40B1 /* view */,
				14518A932A6054EB001C40B1 /* Assets.xcassets */,
				14518A952A6054EB001C40B1 /* Preview Content */,
			);
			path = ecommerce_app;
			sourceTree = "<group>";
		};
		14518A952A6054EB001C40B1 /* Preview Content */ = {
			isa = PBXGroup;
			children = (
				14518A962A6054EB001C40B1 /* Preview Assets.xcassets */,
			);
			path = "Preview Content";
			sourceTree = "<group>";
		};
		14518A9D2A605639001C40B1 /* view */ = {
			isa = PBXGroup;
			children = (
				14518AA12A605682001C40B1 /* SplashScreen.swift */,
				14518AA62A605792001C40B1 /* HomeScreen.swift */,
				14518AB42A606BA6001C40B1 /* ProductDetailsView.swift */,
			);
			path = view;
			sourceTree = "<group>";
		};
		14518A9E2A60563F001C40B1 /* model */ = {
			isa = PBXGroup;
			children = (
				14518AAD2A6058CC001C40B1 /* home_model.swift */,
			);
			path = model;
			sourceTree = "<group>";
		};
		14518AA02A605664001C40B1 /* app */ = {
			isa = PBXGroup;
			children = (
				14518A8F2A6054E9001C40B1 /* ecommerce_appApp.swift */,
			);
			path = app;
			sourceTree = "<group>";
		};
		14518AA32A60569F001C40B1 /* constants */ = {
			isa = PBXGroup;
			children = (
				14518AA42A6056B8001C40B1 /* api.swift */,
			);
			path = constants;
			sourceTree = "<group>";
		};
		14518AA82A605886001C40B1 /* data */ = {
			isa = PBXGroup;
			children = (
				14518AAC2A6058A7001C40B1 /* api_manager */,
				14518AAB2A60589B001C40B1 /* models */,
			);
			path = data;
			sourceTree = "<group>";
		};
		14518AAB2A60589B001C40B1 /* models */ = {
			isa = PBXGroup;
			children = (
				14518AA92A605897001C40B1 /* product_models.swift */,
			);
			path = models;
			sourceTree = "<group>";
		};
		14518AAC2A6058A7001C40B1 /* api_manager */ = {
			isa = PBXGroup;
			children = (
				14518AAF2A6066B2001C40B1 /* api_manager.swift */,
			);
			path = api_manager;
			sourceTree = "<group>";
		};
/* End PBXGroup section */

/* Begin PBXNativeTarget section */
		14518A8B2A6054E9001C40B1 /* ecommerce_app */ = {
			isa = PBXNativeTarget;
			buildConfigurationList = 14518A9A2A6054EB001C40B1 /* Build configuration list for PBXNativeTarget "ecommerce_app" */;
			buildPhases = (
				14518A882A6054E9001C40B1 /* Sources */,
				14518A892A6054E9001C40B1 /* Frameworks */,
				14518A8A2A6054E9001C40B1 /* Resources */,
			);
			buildRules = (
			);
			dependencies = (
			);
			name = ecommerce_app;
			packageProductDependencies = (
				14518AB22A606AAF001C40B1 /* Kingfisher */,
			);
			productName = ecommerce_app;
			productReference = 14518A8C2A6054E9001C40B1 /* ecommerce_app.app */;
			productType = "com.apple.product-type.application";
		};
/* End PBXNativeTarget section */

/* Begin PBXProject section */
		14518A842A6054E9001C40B1 /* Project object */ = {
			isa = PBXProject;
			attributes = {
				BuildIndependentTargetsInParallel = 1;
				LastSwiftUpdateCheck = 1430;
				LastUpgradeCheck = 1430;
				TargetAttributes = {
					14518A8B2A6054E9001C40B1 = {
						CreatedOnToolsVersion = 14.3.1;
					};
				};
			};
			buildConfigurationList = 14518A872A6054E9001C40B1 /* Build configuration list for PBXProject "ecommerce_app" */;
			compatibilityVersion = "Xcode 14.0";
			developmentRegion = en;
			hasScannedForEncodings = 0;
			knownRegions = (
				en,
				Base,
			);
			mainGroup = 14518A832A6054E9001C40B1;
			packageReferences = (
				14518AB12A606AAF001C40B1 /* XCRemoteSwiftPackageReference "Kingfisher" */,
			);
			productRefGroup = 14518A8D2A6054E9001C40B1 /* Products */;
			projectDirPath = "";
			projectRoot = "";
			targets = (
				14518A8B2A6054E9001C40B1 /* ecommerce_app */,
			);
		};
/* End PBXProject section */

/* Begin PBXResourcesBuildPhase section */
		14518A8A2A6054E9001C40B1 /* Resources */ = {
			isa = PBXResourcesBuildPhase;
			buildActionMask = 2147483647;
			files = (
				14518A972A6054EB001C40B1 /* Preview Assets.xcassets in Resources */,
				14518A942A6054EB001C40B1 /* Assets.xcassets in Resources */,
			);
			runOnlyForDeploymentPostprocessing = 0;
		};
/* End PBXResourcesBuildPhase section */

/* Begin PBXSourcesBuildPhase section */
		14518A882A6054E9001C40B1 /* Sources */ = {
			isa = PBXSourcesBuildPhase;
			buildActionMask = 2147483647;
			files = (
				14518AA72A605792001C40B1 /* HomeScreen.swift in Sources */,
				14518AAA2A605898001C40B1 /* product_models.swift in Sources */,
				14518AB02A6066B2001C40B1 /* api_manager.swift in Sources */,
				14518AA22A605682001C40B1 /* SplashScreen.swift in Sources */,
				14518AA52A6056B8001C40B1 /* api.swift in Sources */,
				14518AB52A606BA6001C40B1 /* ProductDetailsView.swift in Sources */,
				14518AAE2A6058CC001C40B1 /* home_model.swift in Sources */,
				14518A902A6054E9001C40B1 /* ecommerce_appApp.swift in Sources */,
			);
			runOnlyForDeploymentPostprocessing = 0;
		};
/* End PBXSourcesBuildPhase section */

/* Begin XCBuildConfiguration section */
		14518A982A6054EB001C40B1 /* Debug */ = {
			isa = XCBuildConfiguration;
			buildSettings = {
				ALWAYS_SEARCH_USER_PATHS = NO;
				CLANG_ANALYZER_NONNULL = YES;
				CLANG_ANALYZER_NUMBER_OBJECT_CONVERSION = YES_AGGRESSIVE;
				CLANG_CXX_LANGUAGE_STANDARD = "gnu++20";
				CLANG_ENABLE_MODULES = YES;
				CLANG_ENABLE_OBJC_ARC = YES;
				CLANG_ENABLE_OBJC_WEAK = YES;
				CLANG_WARN_BLOCK_CAPTURE_AUTORELEASING = YES;
				CLANG_WARN_BOOL_CONVERSION = YES;
				CLANG_WARN_COMMA = YES;
				CLANG_WARN_CONSTANT_CONVERSION = YES;
				CLANG_WARN_DEPRECATED_OBJC_IMPLEMENTATIONS = YES;
				CLANG_WARN_DIRECT_OBJC_ISA_USAGE = YES_ERROR;
				CLANG_WARN_DOCUMENTATION_COMMENTS = YES;
				CLANG_WARN_EMPTY_BODY = YES;
				CLANG_WARN_ENUM_CONVERSION = YES;
				CLANG_WARN_INFINITE_RECURSION = YES;
				CLANG_WARN_INT_CONVERSION = YES;
				CLANG_WARN_NON_LITERAL_NULL_CONVERSION = YES;
				CLANG_WARN_OBJC_IMPLICIT_RETAIN_SELF = YES;
				CLANG_WARN_OBJC_LITERAL_CONVERSION = YES;
				CLANG_WARN_OBJC_ROOT_CLASS = YES_ERROR;
				CLANG_WARN_QUOTED_INCLUDE_IN_FRAMEWORK_HEADER = YES;
				CLANG_WARN_RANGE_LOOP_ANALYSIS = YES;
				CLANG_WARN_STRICT_PROTOTYPES = YES;
				CLANG_WARN_SUSPICIOUS_MOVE = YES;
				CLANG_WARN_UNGUARDED_AVAILABILITY = YES_AGGRESSIVE;
				CLANG_WARN_UNREACHABLE_CODE = YES;
				CLANG_WARN__DUPLICATE_METHOD_MATCH = YES;
				COPY_PHASE_STRIP = NO;
				DEBUG_INFORMATION_FORMAT = dwarf;
				ENABLE_STRICT_OBJC_MSGSEND = YES;
				ENABLE_TESTABILITY = YES;
				GCC_C_LANGUAGE_STANDARD = gnu11;
				GCC_DYNAMIC_NO_PIC = NO;
				GCC_NO_COMMON_BLOCKS = YES;
				GCC_OPTIMIZATION_LEVEL = 0;
				GCC_PREPROCESSOR_DEFINITIONS = (
					"DEBUG=1",
					"$(inherited)",
				);
				GCC_WARN_64_TO_32_BIT_CONVERSION = YES;
				GCC_WARN_ABOUT_RETURN_TYPE = YES_ERROR;
				GCC_WARN_UNDECLARED_SELECTOR = YES;
				GCC_WARN_UNINITIALIZED_AUTOS = YES_AGGRESSIVE;
				GCC_WARN_UNUSED_FUNCTION = YES;
				GCC_WARN_UNUSED_VARIABLE = YES;
				IPHONEOS_DEPLOYMENT_TARGET = 16.4;
				MTL_ENABLE_DEBUG_INFO = INCLUDE_SOURCE;
				MTL_FAST_MATH = YES;
				ONLY_ACTIVE_ARCH = YES;
				SDKROOT = iphoneos;
				SWIFT_ACTIVE_COMPILATION_CONDITIONS = DEBUG;
				SWIFT_OPTIMIZATION_LEVEL = "-Onone";
			};
			name = Debug;
		};
		14518A992A6054EB001C40B1 /* Release */ = {
			isa = XCBuildConfiguration;
			buildSettings = {
				ALWAYS_SEARCH_USER_PATHS = NO;
				CLANG_ANALYZER_NONNULL = YES;
				CLANG_ANALYZER_NUMBER_OBJECT_CONVERSION = YES_AGGRESSIVE;
				CLANG_CXX_LANGUAGE_STANDARD = "gnu++20";
				CLANG_ENABLE_MODULES = YES;
				CLANG_ENABLE_OBJC_ARC = YES;
				CLANG_ENABLE_OBJC_WEAK = YES;
				CLANG_WARN_BLOCK_CAPTURE_AUTORELEASING = YES;
				CLANG_WARN_BOOL_CONVERSION = YES;
				CLANG_WARN_COMMA = YES;
				CLANG_WARN_CONSTANT_CONVERSION = YES;
				CLANG_WARN_DEPRECATED_OBJC_IMPLEMENTATIONS = YES;
				CLANG_WARN_DIRECT_OBJC_ISA_USAGE = YES_ERROR;
				CLANG_WARN_DOCUMENTATION_COMMENTS = YES;
				CLANG_WARN_EMPTY_BODY = YES;
				CLANG_WARN_ENUM_CONVERSION = YES;
				CLANG_WARN_INFINITE_RECURSION = YES;
				CLANG_WARN_INT_CONVERSION = YES;
				CLANG_WARN_NON_LITERAL_NULL_CONVERSION = YES;
				CLANG_WARN_OBJC_IMPLICIT_RETAIN_SELF = YES;
				CLANG_WARN_OBJC_LITERAL_CONVERSION = YES;
				CLANG_WARN_OBJC_ROOT_CLASS = YES_ERROR;
				CLANG_WARN_QUOTED_INCLUDE_IN_FRAMEWORK_HEADER = YES;
				CLANG_WARN_RANGE_LOOP_ANALYSIS = YES;
				CLANG_WARN_STRICT_PROTOTYPES = YES;
				CLANG_WARN_SUSPICIOUS_MOVE = YES;
				CLANG_WARN_UNGUARDED_AVAILABILITY = YES_AGGRESSIVE;
				CLANG_WARN_UNREACHABLE_CODE = YES;
				CLANG_WARN__DUPLICATE_METHOD_MATCH = YES;
				COPY_PHASE_STRIP = NO;
				DEBUG_INFORMATION_FORMAT = "dwarf-with-dsym";
				ENABLE_NS_ASSERTIONS = NO;
				ENABLE_STRICT_OBJC_MSGSEND = YES;
				GCC_C_LANGUAGE_STANDARD = gnu11;
				GCC_NO_COMMON_BLOCKS = YES;
				GCC_WARN_64_TO_32_BIT_CONVERSION = YES;
				GCC_WARN_ABOUT_RETURN_TYPE = YES_ERROR;
				GCC_WARN_UNDECLARED_SELECTOR = YES;
				GCC_WARN_UNINITIALIZED_AUTOS = YES_AGGRESSIVE;
				GCC_WARN_UNUSED_FUNCTION = YES;
				GCC_WARN_UNUSED_VARIABLE = YES;
				IPHONEOS_DEPLOYMENT_TARGET = 16.4;
				MTL_ENABLE_DEBUG_INFO = NO;
				MTL_FAST_MATH = YES;
				SDKROOT = iphoneos;
				SWIFT_COMPILATION_MODE = wholemodule;
				SWIFT_OPTIMIZATION_LEVEL = "-O";
				VALIDATE_PRODUCT = YES;
			};
			name = Release;
		};
		14518A9B2A6054EB001C40B1 /* Debug */ = {
			isa = XCBuildConfiguration;
			buildSettings = {
				ASSETCATALOG_COMPILER_APPICON_NAME = AppIcon;
				ASSETCATALOG_COMPILER_GLOBAL_ACCENT_COLOR_NAME = AccentColor;
				CODE_SIGN_STYLE = Automatic;
				CURRENT_PROJECT_VERSION = 1;
				DEVELOPMENT_ASSET_PATHS = "\"ecommerce_app/Preview Content\"";
				DEVELOPMENT_TEAM = 5T2SM27YAW;
				ENABLE_PREVIEWS = YES;
				GENERATE_INFOPLIST_FILE = YES;
				INFOPLIST_KEY_UIApplicationSceneManifest_Generation = YES;
				INFOPLIST_KEY_UIApplicationSupportsIndirectInputEvents = YES;
				INFOPLIST_KEY_UILaunchScreen_Generation = YES;
				INFOPLIST_KEY_UISupportedInterfaceOrientations_iPad = "UIInterfaceOrientationPortrait UIInterfaceOrientationPortraitUpsideDown UIInterfaceOrientationLandscapeLeft UIInterfaceOrientationLandscapeRight";
				INFOPLIST_KEY_UISupportedInterfaceOrientations_iPhone = "UIInterfaceOrientationPortrait UIInterfaceOrientationLandscapeLeft UIInterfaceOrientationLandscapeRight";
				LD_RUNPATH_SEARCH_PATHS = (
					"$(inherited)",
					"@executable_path/Frameworks",
				);
				MARKETING_VERSION = 1.0;
				PRODUCT_BUNDLE_IDENTIFIER = "com.rakesh.ecommerce-app";
				PRODUCT_NAME = "$(TARGET_NAME)";
				SWIFT_EMIT_LOC_STRINGS = YES;
				SWIFT_VERSION = 5.0;
				TARGETED_DEVICE_FAMILY = "1,2";
			};
			name = Debug;
		};
		14518A9C2A6054EB001C40B1 /* Release */ = {
			isa = XCBuildConfiguration;
			buildSettings = {
				ASSETCATALOG_COMPILER_APPICON_NAME = AppIcon;
				ASSETCATALOG_COMPILER_GLOBAL_ACCENT_COLOR_NAME = AccentColor;
				CODE_SIGN_STYLE = Automatic;
				CURRENT_PROJECT_VERSION = 1;
				DEVELOPMENT_ASSET_PATHS = "\"ecommerce_app/Preview Content\"";
				DEVELOPMENT_TEAM = 5T2SM27YAW;
				ENABLE_PREVIEWS = YES;
				GENERATE_INFOPLIST_FILE = YES;
				INFOPLIST_KEY_UIApplicationSceneManifest_Generation = YES;
				INFOPLIST_KEY_UIApplicationSupportsIndirectInputEvents = YES;
				INFOPLIST_KEY_UILaunchScreen_Generation = YES;
				INFOPLIST_KEY_UISupportedInterfaceOrientations_iPad = "UIInterfaceOrientationPortrait UIInterfaceOrientationPortraitUpsideDown UIInterfaceOrientationLandscapeLeft UIInterfaceOrientationLandscapeRight";
				INFOPLIST_KEY_UISupportedInterfaceOrientations_iPhone = "UIInterfaceOrientationPortrait UIInterfaceOrientationLandscapeLeft UIInterfaceOrientationLandscapeRight";
				LD_RUNPATH_SEARCH_PATHS = (
					"$(inherited)",
					"@executable_path/Frameworks",
				);
				MARKETING_VERSION = 1.0;
				PRODUCT_BUNDLE_IDENTIFIER = "com.rakesh.ecommerce-app";
				PRODUCT_NAME = "$(TARGET_NAME)";
				SWIFT_EMIT_LOC_STRINGS = YES;
				SWIFT_VERSION = 5.0;
				TARGETED_DEVICE_FAMILY = "1,2";
			};
			name = Release;
		};
/* End XCBuildConfiguration section */

/* Begin XCConfigurationList section */
		14518A872A6054E9001C40B1 /* Build configuration list for PBXProject "ecommerce_app" */ = {
			isa = XCConfigurationList;
			buildConfigurations = (
				14518A982A6054EB001C40B1 /* Debug */,
				14518A992A6054EB001C40B1 /* Release */,
			);
			defaultConfigurationIsVisible = 0;
			defaultConfigurationName = Release;
		};
		14518A9A2A6054EB001C40B1 /* Build configuration list for PBXNativeTarget "ecommerce_app" */ = {
			isa = XCConfigurationList;
			buildConfigurations = (
				14518A9B2A6054EB001C40B1 /* Debug */,
				14518A9C2A6054EB001C40B1 /* Release */,
			);
			defaultConfigurationIsVisible = 0;
			defaultConfigurationName = Release;
		};
/* End XCConfigurationList section */

/* Begin XCRemoteSwiftPackageReference section */
		14518AB12A606AAF001C40B1 /* XCRemoteSwiftPackageReference "Kingfisher" */ = {
			isa = XCRemoteSwiftPackageReference;
			repositoryURL = "https://github.com/onevcat/Kingfisher.git";
			requirement = {
				kind = upToNextMajorVersion;
				minimumVersion = 7.0.0;
			};
		};
/* End XCRemoteSwiftPackageReference section */

/* Begin XCSwiftPackageProductDependency section */
		14518AB22A606AAF001C40B1 /* Kingfisher */ = {
			isa = XCSwiftPackageProductDependency;
			package = 14518AB12A606AAF001C40B1 /* XCRemoteSwiftPackageReference "Kingfisher" */;
			productName = Kingfisher;
		};
/* End XCSwiftPackageProductDependency section */
	};
	rootObject = 14518A842A6054E9001C40B1 /* Project object */;
}
